{
  "requires": true,
  "lockfileVersion": 1,
  "dependencies": {
    "copy-to-clipboard": {
      "version": "3.3.1",
      "resolved": "https://registry.npm.taobao.org/copy-to-clipboard/download/copy-to-clipboard-3.3.1.tgz",
      "integrity": "sha1-EVqhqZmP+rYZb5MHatbaO5E2Yq4=",
      "requires": {
        "toggle-selection": "^1.0.6"
      }
    },
    "js-tokens": {
      "version": "4.0.0",
      "resolved": "https://registry.npm.taobao.org/js-tokens/download/js-tokens-4.0.0.tgz",
      "integrity": "sha1-GSA/tZmR35jjoocFDUZHzerzJJk="
    },
    "loose-envify": {
      "version": "1.4.0",
      "resolved": "https://registry.npm.taobao.org/loose-envify/download/loose-envify-1.4.0.tgz",
      "integrity": "sha1-ce5R+nvkyuwaY4OffmgtgTLTDK8=",
      "requires": {
        "js-tokens": "^3.0.0 || ^4.0.0"
      }
    },
    "object-assign": {
      "version": "4.1.1",
      "resolved": "https://registry.npm.taobao.org/object-assign/download/object-assign-4.1.1.tgz",
      "integrity": "sha1-IQmtx5ZYh8/AXLvUQsrIv7s2CGM="
    },
    "prop-types": {
      "version": "15.7.2",
      "resolved": "https://registry.npm.taobao.org/prop-types/download/prop-types-15.7.2.tgz",
      "integrity": "sha1-UsQedbjIfnK52TYOAga5ncv/psU=",
      "requires": {
        "loose-envify": "^1.4.0",
        "object-assign": "^4.1.1",
        "react-is": "^16.8.1"
      }
    },
    "pubsub-js": {
      "version": "1.8.0",
      "resolved": "https://registry.npm.taobao.org/pubsub-js/download/pubsub-js-1.8.0.tgz",
      "integrity": "sha1-4rUjoDAUCj1uCAc1pIhQqWIu0go="
    },
    "react": {
      "version": "16.13.1",
      "resolved": "https://registry.npm.taobao.org/react/download/react-16.13.1.tgz?cache=0&other_urls=https%3A%2F%2Fregistry.npm.taobao.org%2Freact%2Fdownload%2Freact-16.13.1.tgz",
      "integrity": "sha1-LoGIIvGpdDEiwGPWQQ2FweOv5I4=",
      "requires": {
        "loose-envify": "^1.1.0",
        "object-assign": "^4.1.1",
        "prop-types": "^15.6.2"
      }
    },
    "react-copy-to-clipboard": {
      "version": "5.0.2",
      "resolved": "https://registry.npm.taobao.org/react-copy-to-clipboard/download/react-copy-to-clipboard-5.0.2.tgz",
      "integrity": "sha1-2CpDfggeaN/KN2H71X2/Kr3aExY=",
      "requires": {
        "copy-to-clipboard": "^3",
        "prop-types": "^15.5.8"
      }
    },
    "react-is": {
      "version": "16.13.1",
      "resolved": "https://registry.npm.taobao.org/react-is/download/react-is-16.13.1.tgz",
      "integrity": "sha1-eJcppNw23imZ3BVt1sHZwYzqVqQ="
    },
    "react-websocket": {
      "version": "2.1.0",
      "resolved": "https://registry.npm.taobao.org/react-websocket/download/react-websocket-2.1.0.tgz",
      "integrity": "sha1-EVDOVaqjjoRfVxFoQmaoI3ge4uQ="
    },
    "reconnecting-websocket": {
      "version": "4.4.0",
      "resolved": "https://registry.npm.taobao.org/reconnecting-websocket/download/reconnecting-websocket-4.4.0.tgz",
      "integrity": "sha1-Ow5blu8RnnigMTWGW4uwrxuUh4M="
    },
    "toggle-selection": {
      "version": "1.0.6",
      "resolved": "https://registry.npm.taobao.org/toggle-selection/download/toggle-selection-1.0.6.tgz",
      "integrity": "sha1-bkWxJj8gF/oKzH2J14sVuL932jI="
    },
    "ws": {
      "version": "7.2.5",
      "resolved": "https://registry.npm.taobao.org/ws/download/ws-7.2.5.tgz?cache=0&sync_timestamp=1587812101900&other_urls=https%3A%2F%2Fregistry.npm.taobao.org%2Fws%2Fdownload%2Fws-7.2.5.tgz",
      "integrity": "sha1-q7E3DUYmpanNedjeQEqhizRl0Q0="
    }
  }
}
